<?xml version="1.0" encoding="utf-8"?>
<Project ToolsVersion="4.0" xmlns="http://schemas.microsoft.com/developer/msbuild/2003">
  <ItemGroup>
    <Filter Include="Source Files">
      <UniqueIdentifier>{4FC737F1-C7A5-4376-A066-2A32D752A2FF}</UniqueIdentifier>
      <Extensions>cpp;c;cc;cxx;c++;cppm;ixx;def;odl;idl;hpj;bat;asm;asmx</Extensions>
    </Filter>
    <Filter Include="Header Files">
      <UniqueIdentifier>{93995380-89BD-4b04-88EB-625FBE52EBFB}</UniqueIdentifier>
      <Extensions>h;hh;hpp;hxx;h++;hm;inl;inc;ipp;xsd</Extensions>
    </Filter>
    <Filter Include="Resource Files">
      <UniqueIdentifier>{67DA6AB6-F800-4c08-8B7A-83BB121AAD01}</UniqueIdentifier>
      <Extensions>rc;ico;cur;bmp;dlg;rc2;rct;bin;rgs;gif;jpg;jpeg;jpe;resx;tiff;tif;png;wav;mfcribbon-ms</Extensions>
    </Filter>
    <Filter Include="Source Files\commands">
      <UniqueIdentifier>{92e911b1-017c-4b89-86fa-b846b06cfaab}</UniqueIdentifier>
    </Filter>
    <Filter Include="Header Files\commands">
      <UniqueIdentifier>{54754df6-641e-463d-9776-e7ea79f4027b}</UniqueIdentifier>
    </Filter>
    <Filter Include="Source Files\expressions">
      <UniqueIdentifier>{6fa7371c-b75e-4764-9d9e-4744fd519d86}</UniqueIdentifier>
    </Filter>
    <Filter Include="Header Files\expressions">
      <UniqueIdentifier>{1336a600-9c20-4ef3-9ddb-664445b5a598}</UniqueIdentifier>
    </Filter>
  </ItemGroup>
  <ItemGroup>
    <ClCompile Include="src\OldBasic.cpp">
      <Filter>Source Files</Filter>
    </ClCompile>
    <ClCompile Include="src\Lexeme.cpp">
      <Filter>Source Files</Filter>
    </ClCompile>
    <ClCompile Include="src\Tokenizer.cpp">
      <Filter>Source Files</Filter>
    </ClCompile>
    <ClCompile Include="src\Parser.cpp">
      <Filter>Source Files</Filter>
    </ClCompile>
    <ClCompile Include="src\PrintCommand.cpp">
      <Filter>Source Files\commands</Filter>
    </ClCompile>
    <ClCompile Include="src\NoOpCommand.cpp">
      <Filter>Source Files\commands</Filter>
    </ClCompile>
    <ClCompile Include="src\GotoCommand.cpp">
      <Filter>Source Files\commands</Filter>
    </ClCompile>
    <ClCompile Include="src\RunCommand.cpp">
      <Filter>Source Files\commands</Filter>
    </ClCompile>
    <ClCompile Include="src\ListCommand.cpp">
      <Filter>Source Files\commands</Filter>
    </ClCompile>
    <ClCompile Include="src\Command.cpp">
      <Filter>Source Files\commands</Filter>
    </ClCompile>
    <ClCompile Include="src\LetCommand.cpp">
      <Filter>Source Files\commands</Filter>
    </ClCompile>
    <ClCompile Include="src\Variable.cpp">
      <Filter>Source Files</Filter>
    </ClCompile>
    <ClCompile Include="src\Value.cpp">
      <Filter>Source Files</Filter>
    </ClCompile>
    <ClCompile Include="src\ExpressionNode.cpp">
      <Filter>Source Files\expressions</Filter>
    </ClCompile>
    <ClCompile Include="src\OperatorNode.cpp">
      <Filter>Source Files\expressions</Filter>
    </ClCompile>
    <ClCompile Include="src\ValueNode.cpp">
      <Filter>Source Files\expressions</Filter>
    </ClCompile>
    <ClCompile Include="src\VariableNode.cpp">
      <Filter>Source Files\expressions</Filter>
    </ClCompile>
    <ClCompile Include="src\NullNode.cpp">
      <Filter>Source Files\expressions</Filter>
    </ClCompile>
    <ClCompile Include="src\IfCommand.cpp">
      <Filter>Source Files\commands</Filter>
    </ClCompile>
    <ClCompile Include="src\MultiCommand.cpp">
      <Filter>Source Files\commands</Filter>
    </ClCompile>
    <ClCompile Include="src\DimCommand.cpp">
      <Filter>Source Files\commands</Filter>
    </ClCompile>
    <ClCompile Include="src\Test.cpp">
      <Filter>Source Files</Filter>
    </ClCompile>
    <ClCompile Include="src\ArrayNode.cpp">
      <Filter>Source Files\expressions</Filter>
    </ClCompile>
    <ClCompile Include="src\NewCommand.cpp">
      <Filter>Source Files\commands</Filter>
    </ClCompile>
    <ClCompile Include="src\Array.cpp">
      <Filter>Source Files</Filter>
    </ClCompile>
    <ClCompile Include="src\ForCommand.cpp">
      <Filter>Source Files\commands</Filter>
    </ClCompile>
    <ClCompile Include="src\NextCommand.cpp">
      <Filter>Source Files\commands</Filter>
    </ClCompile>
    <ClCompile Include="src\GosubCommand.cpp">
      <Filter>Source Files\commands</Filter>
    </ClCompile>
    <ClCompile Include="src\ReturnCommand.cpp">
      <Filter>Source Files\commands</Filter>
    </ClCompile>
    <ClCompile Include="src\StopCommand.cpp">
      <Filter>Source Files\commands</Filter>
    </ClCompile>
    <ClCompile Include="src\ClsCommand.cpp">
      <Filter>Source Files\commands</Filter>
    </ClCompile>
    <ClCompile Include="src\DataCommand.cpp">
      <Filter>Source Files\commands</Filter>
    </ClCompile>
    <ClCompile Include="src\DrawCommand.cpp">
      <Filter>Source Files\commands</Filter>
    </ClCompile>
    <ClCompile Include="src\InputCommand.cpp">
      <Filter>Source Files\commands</Filter>
    </ClCompile>
    <ClCompile Include="src\OnCommand.cpp">
      <Filter>Source Files\commands</Filter>
    </ClCompile>
    <ClCompile Include="src\ReadCommand.cpp">
      <Filter>Source Files\commands</Filter>
    </ClCompile>
    <ClCompile Include="src\PlotCommand.cpp">
      <Filter>Source Files\commands</Filter>
    </ClCompile>
    <ClCompile Include="src\SleepCommand.cpp">
      <Filter>Source Files\commands</Filter>
    </ClCompile>
    <ClCompile Include="src\FunctionNode.cpp">
      <Filter>Source Files\expressions</Filter>
    </ClCompile>
    <ClCompile Include="src\windows\Runtime.cpp">
      <Filter>Source Files</Filter>
    </ClCompile>
  </ItemGroup>
  <ItemGroup>
    <ClInclude Include="src\Tokenizer.h">
      <Filter>Header Files</Filter>
    </ClInclude>
    <ClInclude Include="src\Parser.h">
      <Filter>Header Files</Filter>
    </ClInclude>
    <ClInclude Include="src\PrintCommand.h">
      <Filter>Header Files\commands</Filter>
    </ClInclude>
    <ClInclude Include="src\Command.h">
      <Filter>Header Files\commands</Filter>
    </ClInclude>
    <ClInclude Include="src\Runtime.h">
      <Filter>Header Files</Filter>
    </ClInclude>
    <ClInclude Include="src\NoOpCommand.h">
      <Filter>Header Files\commands</Filter>
    </ClInclude>
    <ClInclude Include="src\GotoCommand.h">
      <Filter>Header Files\commands</Filter>
    </ClInclude>
    <ClInclude Include="src\RunCommand.h">
      <Filter>Header Files\commands</Filter>
    </ClInclude>
    <ClInclude Include="src\ListCommand.h">
      <Filter>Header Files\commands</Filter>
    </ClInclude>
    <ClInclude Include="src\LetCommand.h">
      <Filter>Header Files\commands</Filter>
    </ClInclude>
    <ClInclude Include="src\Variable.h">
      <Filter>Header Files</Filter>
    </ClInclude>
    <ClInclude Include="src\Value.h">
      <Filter>Header Files</Filter>
    </ClInclude>
    <ClInclude Include="src\ExpressionNode.h">
      <Filter>Header Files\expressions</Filter>
    </ClInclude>
    <ClInclude Include="src\OperatorNode.h">
      <Filter>Header Files\expressions</Filter>
    </ClInclude>
    <ClInclude Include="src\VariableNode.h">
      <Filter>Header Files\expressions</Filter>
    </ClInclude>
    <ClInclude Include="src\ValueNode.h">
      <Filter>Header Files\expressions</Filter>
    </ClInclude>
    <ClInclude Include="src\NullNode.h">
      <Filter>Header Files\expressions</Filter>
    </ClInclude>
    <ClInclude Include="src\ValueType.h">
      <Filter>Header Files</Filter>
    </ClInclude>
    <ClInclude Include="src\IfCommand.h">
      <Filter>Header Files\commands</Filter>
    </ClInclude>
    <ClInclude Include="src\MultiCommand.h">
      <Filter>Header Files\commands</Filter>
    </ClInclude>
    <ClInclude Include="src\DimCommand.h">
      <Filter>Header Files\commands</Filter>
    </ClInclude>
    <ClInclude Include="src\Test.h">
      <Filter>Header Files</Filter>
    </ClInclude>
    <ClInclude Include="src\ArrayNode.h">
      <Filter>Header Files\expressions</Filter>
    </ClInclude>
    <ClInclude Include="src\NewCommand.h">
      <Filter>Header Files\commands</Filter>
    </ClInclude>
    <ClInclude Include="src\Array.h">
      <Filter>Header Files</Filter>
    </ClInclude>
    <ClInclude Include="src\ForCommand.h">
      <Filter>Header Files\commands</Filter>
    </ClInclude>
    <ClInclude Include="src\NextCommand.h">
      <Filter>Header Files\commands</Filter>
    </ClInclude>
    <ClInclude Include="src\GosubCommand.h">
      <Filter>Header Files\commands</Filter>
    </ClInclude>
    <ClInclude Include="src\ReturnCommand.h">
      <Filter>Header Files\commands</Filter>
    </ClInclude>
    <ClInclude Include="src\StopCommand.h">
      <Filter>Header Files\commands</Filter>
    </ClInclude>
    <ClInclude Include="src\ClsCommand.h">
      <Filter>Header Files\commands</Filter>
    </ClInclude>
    <ClInclude Include="src\DataCommand.h">
      <Filter>Header Files\commands</Filter>
    </ClInclude>
    <ClInclude Include="src\DrawCommand.h">
      <Filter>Header Files\commands</Filter>
    </ClInclude>
    <ClInclude Include="src\InputCommand.h">
      <Filter>Header Files\commands</Filter>
    </ClInclude>
    <ClInclude Include="src\OnCommand.h">
      <Filter>Header Files\commands</Filter>
    </ClInclude>
    <ClInclude Include="src\ReadCommand.h">
      <Filter>Header Files\commands</Filter>
    </ClInclude>
    <ClInclude Include="src\PlotCommand.h">
      <Filter>Header Files\commands</Filter>
    </ClInclude>
    <ClInclude Include="src\SleepCommand.h">
      <Filter>Header Files\commands</Filter>
    </ClInclude>
    <ClInclude Include="src\Lexeme.h">
      <Filter>Header Files</Filter>
    </ClInclude>
    <ClInclude Include="src\FunctionNode.h">
      <Filter>Header Files\expressions</Filter>
    </ClInclude>
    <ClInclude Include="src\CLI11.hpp">
      <Filter>Header Files</Filter>
    </ClInclude>
  </ItemGroup>
  <ItemGroup>
    <Text Include="CMakeLists.txt" />
  </ItemGroup>
  <ItemGroup>
    <None Include="README.md" />
  </ItemGroup>
</Project>